// !$*UTF8*$!
{
	archiveVersion = 1;
	classes = {
	};
	objectVersion = 46;
	objects = {

/* Begin PBXBuildFile section */
		E11297A81BE2F426003B6C2A /* Counter.swift in Sources */ = {isa = PBXBuildFile; fileRef = E11297A71BE2F426003B6C2A /* Counter.swift */; };
		E11297AC1BE32987003B6C2A /* ToDo.swift in Sources */ = {isa = PBXBuildFile; fileRef = E11297AB1BE32987003B6C2A /* ToDo.swift */; };
		E15350CC1BE46EE300211F6D /* ToDoViewController.swift in Sources */ = {isa = PBXBuildFile; fileRef = E15350CB1BE46EE300211F6D /* ToDoViewController.swift */; };
		E15350CE1BE471B700211F6D /* AppState.swift in Sources */ = {isa = PBXBuildFile; fileRef = E15350CD1BE471B700211F6D /* AppState.swift */; };
		E175184A1BFC17DE005A6807 /* Action.swift in Sources */ = {isa = PBXBuildFile; fileRef = E175183E1BFC17DE005A6807 /* Action.swift */; };
		E175184B1BFC17DE005A6807 /* ArrayExtension.swift in Sources */ = {isa = PBXBuildFile; fileRef = E175183F1BFC17DE005A6807 /* ArrayExtension.swift */; };
		E175184C1BFC17DE005A6807 /* Compose.swift in Sources */ = {isa = PBXBuildFile; fileRef = E17518401BFC17DE005A6807 /* Compose.swift */; };
		E175184D1BFC17DE005A6807 /* DiffNotifier.swift in Sources */ = {isa = PBXBuildFile; fileRef = E17518411BFC17DE005A6807 /* DiffNotifier.swift */; };
		E175184E1BFC17DE005A6807 /* History.swift in Sources */ = {isa = PBXBuildFile; fileRef = E17518421BFC17DE005A6807 /* History.swift */; };
		E175184F1BFC17DE005A6807 /* Middleware.swift in Sources */ = {isa = PBXBuildFile; fileRef = E17518431BFC17DE005A6807 /* Middleware.swift */; };
		E17518501BFC17DE005A6807 /* Persist.swift in Sources */ = {isa = PBXBuildFile; fileRef = E17518441BFC17DE005A6807 /* Persist.swift */; };
		E17518511BFC17DE005A6807 /* Reducer.swift in Sources */ = {isa = PBXBuildFile; fileRef = E17518451BFC17DE005A6807 /* Reducer.swift */; };
		E17518521BFC17DE005A6807 /* Store.swift in Sources */ = {isa = PBXBuildFile; fileRef = E17518461BFC17DE005A6807 /* Store.swift */; };
		E17518531BFC17DE005A6807 /* StoreCreator.swift in Sources */ = {isa = PBXBuildFile; fileRef = E17518471BFC17DE005A6807 /* StoreCreator.swift */; };
		E17518541BFC17DE005A6807 /* StoreEnhancer.swift in Sources */ = {isa = PBXBuildFile; fileRef = E17518481BFC17DE005A6807 /* StoreEnhancer.swift */; };
		E17518551BFC17DE005A6807 /* Thunk.swift in Sources */ = {isa = PBXBuildFile; fileRef = E17518491BFC17DE005A6807 /* Thunk.swift */; };
		E17518591BFC1901005A6807 /* Logger.swift in Sources */ = {isa = PBXBuildFile; fileRef = E17518581BFC1901005A6807 /* Logger.swift */; };
		E17F448F1BEC3E9E00AF1F86 /* Notifier.swift in Sources */ = {isa = PBXBuildFile; fileRef = E17F448E1BEC3E9E00AF1F86 /* Notifier.swift */; };
		E1E913E61BF2DDBF00FD3BA9 /* HistoryViewController.swift in Sources */ = {isa = PBXBuildFile; fileRef = E1E913E51BF2DDBF00FD3BA9 /* HistoryViewController.swift */; };
		E1E914141BF84A5E00FD3BA9 /* AsyncViewController.swift in Sources */ = {isa = PBXBuildFile; fileRef = E1E914131BF84A5E00FD3BA9 /* AsyncViewController.swift */; };
		E1E914161BF854DB00FD3BA9 /* Random.swift in Sources */ = {isa = PBXBuildFile; fileRef = E1E914151BF854DB00FD3BA9 /* Random.swift */; };
		E1E914181BF862A400FD3BA9 /* GCDExtension.swift in Sources */ = {isa = PBXBuildFile; fileRef = E1E914171BF862A400FD3BA9 /* GCDExtension.swift */; };
		E1F1F5E91BE19A1F00F6B879 /* AppDelegate.swift in Sources */ = {isa = PBXBuildFile; fileRef = E1F1F5E81BE19A1F00F6B879 /* AppDelegate.swift */; };
		E1F1F5EB1BE19A1F00F6B879 /* CounterViewController.swift in Sources */ = {isa = PBXBuildFile; fileRef = E1F1F5EA1BE19A1F00F6B879 /* CounterViewController.swift */; };
		E1F1F5EE1BE19A1F00F6B879 /* Main.storyboard in Resources */ = {isa = PBXBuildFile; fileRef = E1F1F5EC1BE19A1F00F6B879 /* Main.storyboard */; };
		E1F1F5F01BE19A1F00F6B879 /* Assets.xcassets in Resources */ = {isa = PBXBuildFile; fileRef = E1F1F5EF1BE19A1F00F6B879 /* Assets.xcassets */; };
		E1F1F5F31BE19A1F00F6B879 /* LaunchScreen.storyboard in Resources */ = {isa = PBXBuildFile; fileRef = E1F1F5F11BE19A1F00F6B879 /* LaunchScreen.storyboard */; };
		E1F1F5FE1BE19A1F00F6B879 /* SwiftReduxTests.swift in Sources */ = {isa = PBXBuildFile; fileRef = E1F1F5FD1BE19A1F00F6B879 /* SwiftReduxTests.swift */; };
		E1F1F6091BE19A1F00F6B879 /* SwiftReduxUITests.swift in Sources */ = {isa = PBXBuildFile; fileRef = E1F1F6081BE19A1F00F6B879 /* SwiftReduxUITests.swift */; };
/* End PBXBuildFile section */

/* Begin PBXContainerItemProxy section */
		E1F1F5FA1BE19A1F00F6B879 /* PBXContainerItemProxy */ = {
			isa = PBXContainerItemProxy;
			containerPortal = E1F1F5DD1BE19A1F00F6B879 /* Project object */;
			proxyType = 1;
			remoteGlobalIDString = E1F1F5E41BE19A1F00F6B879;
			remoteInfo = SwiftRedux;
		};
		E1F1F6051BE19A1F00F6B879 /* PBXContainerItemProxy */ = {
			isa = PBXContainerItemProxy;
			containerPortal = E1F1F5DD1BE19A1F00F6B879 /* Project object */;
			proxyType = 1;
			remoteGlobalIDString = E1F1F5E41BE19A1F00F6B879;
			remoteInfo = SwiftRedux;
		};
/* End PBXContainerItemProxy section */

/* Begin PBXFileReference section */
		E11297A71BE2F426003B6C2A /* Counter.swift */ = {isa = PBXFileReference; fileEncoding = 4; lastKnownFileType = sourcecode.swift; path = Counter.swift; sourceTree = "<group>"; };
		E11297AB1BE32987003B6C2A /* ToDo.swift */ = {isa = PBXFileReference; fileEncoding = 4; lastKnownFileType = sourcecode.swift; path = ToDo.swift; sourceTree = "<group>"; };
		E15350CB1BE46EE300211F6D /* ToDoViewController.swift */ = {isa = PBXFileReference; fileEncoding = 4; lastKnownFileType = sourcecode.swift; path = ToDoViewController.swift; sourceTree = "<group>"; };
		E15350CD1BE471B700211F6D /* AppState.swift */ = {isa = PBXFileReference; fileEncoding = 4; lastKnownFileType = sourcecode.swift; path = AppState.swift; sourceTree = "<group>"; };
		E175183E1BFC17DE005A6807 /* Action.swift */ = {isa = PBXFileReference; fileEncoding = 4; lastKnownFileType = sourcecode.swift; name = Action.swift; path = ../../Source/Action.swift; sourceTree = "<group>"; };
		E175183F1BFC17DE005A6807 /* ArrayExtension.swift */ = {isa = PBXFileReference; fileEncoding = 4; lastKnownFileType = sourcecode.swift; name = ArrayExtension.swift; path = ../../Source/ArrayExtension.swift; sourceTree = "<group>"; };
		E17518401BFC17DE005A6807 /* Compose.swift */ = {isa = PBXFileReference; fileEncoding = 4; lastKnownFileType = sourcecode.swift; name = Compose.swift; path = ../../Source/Compose.swift; sourceTree = "<group>"; };
		E17518411BFC17DE005A6807 /* DiffNotifier.swift */ = {isa = PBXFileReference; fileEncoding = 4; lastKnownFileType = sourcecode.swift; name = DiffNotifier.swift; path = ../../Source/DiffNotifier.swift; sourceTree = "<group>"; };
		E17518421BFC17DE005A6807 /* History.swift */ = {isa = PBXFileReference; fileEncoding = 4; lastKnownFileType = sourcecode.swift; name = History.swift; path = ../../Source/History.swift; sourceTree = "<group>"; };
		E17518431BFC17DE005A6807 /* Middleware.swift */ = {isa = PBXFileReference; fileEncoding = 4; lastKnownFileType = sourcecode.swift; name = Middleware.swift; path = ../../Source/Middleware.swift; sourceTree = "<group>"; };
		E17518441BFC17DE005A6807 /* Persist.swift */ = {isa = PBXFileReference; fileEncoding = 4; lastKnownFileType = sourcecode.swift; name = Persist.swift; path = ../../Source/Persist.swift; sourceTree = "<group>"; };
		E17518451BFC17DE005A6807 /* Reducer.swift */ = {isa = PBXFileReference; fileEncoding = 4; lastKnownFileType = sourcecode.swift; name = Reducer.swift; path = ../../Source/Reducer.swift; sourceTree = "<group>"; };
		E17518461BFC17DE005A6807 /* Store.swift */ = {isa = PBXFileReference; fileEncoding = 4; lastKnownFileType = sourcecode.swift; name = Store.swift; path = ../../Source/Store.swift; sourceTree = "<group>"; };
		E17518471BFC17DE005A6807 /* StoreCreator.swift */ = {isa = PBXFileReference; fileEncoding = 4; lastKnownFileType = sourcecode.swift; name = StoreCreator.swift; path = ../../Source/StoreCreator.swift; sourceTree = "<group>"; };
		E17518481BFC17DE005A6807 /* StoreEnhancer.swift */ = {isa = PBXFileReference; fileEncoding = 4; lastKnownFileType = sourcecode.swift; name = StoreEnhancer.swift; path = ../../Source/StoreEnhancer.swift; sourceTree = "<group>"; };
		E17518491BFC17DE005A6807 /* Thunk.swift */ = {isa = PBXFileReference; fileEncoding = 4; lastKnownFileType = sourcecode.swift; name = Thunk.swift; path = ../../Source/Thunk.swift; sourceTree = "<group>"; };
		E17518581BFC1901005A6807 /* Logger.swift */ = {isa = PBXFileReference; fileEncoding = 4; lastKnownFileType = sourcecode.swift; name = Logger.swift; path = ../../Source/Logger.swift; sourceTree = "<group>"; };
		E17F448E1BEC3E9E00AF1F86 /* Notifier.swift */ = {isa = PBXFileReference; fileEncoding = 4; lastKnownFileType = sourcecode.swift; path = Notifier.swift; sourceTree = "<group>"; };
		E1E913E51BF2DDBF00FD3BA9 /* HistoryViewController.swift */ = {isa = PBXFileReference; fileEncoding = 4; lastKnownFileType = sourcecode.swift; path = HistoryViewController.swift; sourceTree = "<group>"; };
		E1E914131BF84A5E00FD3BA9 /* AsyncViewController.swift */ = {isa = PBXFileReference; fileEncoding = 4; lastKnownFileType = sourcecode.swift; path = AsyncViewController.swift; sourceTree = "<group>"; };
		E1E914151BF854DB00FD3BA9 /* Random.swift */ = {isa = PBXFileReference; fileEncoding = 4; lastKnownFileType = sourcecode.swift; path = Random.swift; sourceTree = "<group>"; };
		E1E914171BF862A400FD3BA9 /* GCDExtension.swift */ = {isa = PBXFileReference; fileEncoding = 4; lastKnownFileType = sourcecode.swift; path = GCDExtension.swift; sourceTree = "<group>"; };
		E1F1F5E51BE19A1F00F6B879 /* SwiftRedux.app */ = {isa = PBXFileReference; explicitFileType = wrapper.application; includeInIndex = 0; path = SwiftRedux.app; sourceTree = BUILT_PRODUCTS_DIR; };
		E1F1F5E81BE19A1F00F6B879 /* AppDelegate.swift */ = {isa = PBXFileReference; lastKnownFileType = sourcecode.swift; path = AppDelegate.swift; sourceTree = "<group>"; };
		E1F1F5EA1BE19A1F00F6B879 /* CounterViewController.swift */ = {isa = PBXFileReference; lastKnownFileType = sourcecode.swift; path = CounterViewController.swift; sourceTree = "<group>"; };
		E1F1F5ED1BE19A1F00F6B879 /* Base */ = {isa = PBXFileReference; lastKnownFileType = file.storyboard; name = Base; path = Base.lproj/Main.storyboard; sourceTree = "<group>"; };
		E1F1F5EF1BE19A1F00F6B879 /* Assets.xcassets */ = {isa = PBXFileReference; lastKnownFileType = folder.assetcatalog; path = Assets.xcassets; sourceTree = "<group>"; };
		E1F1F5F21BE19A1F00F6B879 /* Base */ = {isa = PBXFileReference; lastKnownFileType = file.storyboard; name = Base; path = Base.lproj/LaunchScreen.storyboard; sourceTree = "<group>"; };
		E1F1F5F41BE19A1F00F6B879 /* Info.plist */ = {isa = PBXFileReference; lastKnownFileType = text.plist.xml; path = Info.plist; sourceTree = "<group>"; };
		E1F1F5F91BE19A1F00F6B879 /* SwiftReduxTests.xctest */ = {isa = PBXFileReference; explicitFileType = wrapper.cfbundle; includeInIndex = 0; path = SwiftReduxTests.xctest; sourceTree = BUILT_PRODUCTS_DIR; };
		E1F1F5FD1BE19A1F00F6B879 /* SwiftReduxTests.swift */ = {isa = PBXFileReference; lastKnownFileType = sourcecode.swift; path = SwiftReduxTests.swift; sourceTree = "<group>"; };
		E1F1F5FF1BE19A1F00F6B879 /* Info.plist */ = {isa = PBXFileReference; lastKnownFileType = text.plist.xml; path = Info.plist; sourceTree = "<group>"; };
		E1F1F6041BE19A1F00F6B879 /* SwiftReduxUITests.xctest */ = {isa = PBXFileReference; explicitFileType = wrapper.cfbundle; includeInIndex = 0; path = SwiftReduxUITests.xctest; sourceTree = BUILT_PRODUCTS_DIR; };
		E1F1F6081BE19A1F00F6B879 /* SwiftReduxUITests.swift */ = {isa = PBXFileReference; lastKnownFileType = sourcecode.swift; path = SwiftReduxUITests.swift; sourceTree = "<group>"; };
		E1F1F60A1BE19A1F00F6B879 /* Info.plist */ = {isa = PBXFileReference; lastKnownFileType = text.plist.xml; path = Info.plist; sourceTree = "<group>"; };
/* End PBXFileReference section */

/* Begin PBXFrameworksBuildPhase section */
		E1F1F5E21BE19A1F00F6B879 /* Frameworks */ = {
			isa = PBXFrameworksBuildPhase;
			buildActionMask = 2147483647;
			files = (
			);
			runOnlyForDeploymentPostprocessing = 0;
		};
		E1F1F5F61BE19A1F00F6B879 /* Frameworks */ = {
			isa = PBXFrameworksBuildPhase;
			buildActionMask = 2147483647;
			files = (
			);
			runOnlyForDeploymentPostprocessing = 0;
		};
		E1F1F6011BE19A1F00F6B879 /* Frameworks */ = {
			isa = PBXFrameworksBuildPhase;
			buildActionMask = 2147483647;
			files = (
			);
			runOnlyForDeploymentPostprocessing = 0;
		};
/* End PBXFrameworksBuildPhase section */

/* Begin PBXGroup section */
		E1F1F5DC1BE19A1F00F6B879 = {
			isa = PBXGroup;
			children = (
				E1F1F5E71BE19A1F00F6B879 /* SwiftRedux */,
				E1F1F5FC1BE19A1F00F6B879 /* SwiftReduxTests */,
				E1F1F6071BE19A1F00F6B879 /* SwiftReduxUITests */,
				E1F1F5E61BE19A1F00F6B879 /* Products */,
			);
			sourceTree = "<group>";
		};
		E1F1F5E61BE19A1F00F6B879 /* Products */ = {
			isa = PBXGroup;
			children = (
				E1F1F5E51BE19A1F00F6B879 /* SwiftRedux.app */,
				E1F1F5F91BE19A1F00F6B879 /* SwiftReduxTests.xctest */,
				E1F1F6041BE19A1F00F6B879 /* SwiftReduxUITests.xctest */,
			);
			name = Products;
			sourceTree = "<group>";
		};
		E1F1F5E71BE19A1F00F6B879 /* SwiftRedux */ = {
			isa = PBXGroup;
			children = (
				E1F1F6161BE19A8C00F6B879 /* Redux */,
				E1F1F5E81BE19A1F00F6B879 /* AppDelegate.swift */,
				E15350CD1BE471B700211F6D /* AppState.swift */,
				E11297A71BE2F426003B6C2A /* Counter.swift */,
				E11297AB1BE32987003B6C2A /* ToDo.swift */,
				E1E914151BF854DB00FD3BA9 /* Random.swift */,
				E1F1F5EA1BE19A1F00F6B879 /* CounterViewController.swift */,
				E15350CB1BE46EE300211F6D /* ToDoViewController.swift */,
				E1E913E51BF2DDBF00FD3BA9 /* HistoryViewController.swift */,
				E1E914131BF84A5E00FD3BA9 /* AsyncViewController.swift */,
				E17F448E1BEC3E9E00AF1F86 /* Notifier.swift */,
				E1E914171BF862A400FD3BA9 /* GCDExtension.swift */,
				E1F1F5EC1BE19A1F00F6B879 /* Main.storyboard */,
				E1F1F5EF1BE19A1F00F6B879 /* Assets.xcassets */,
				E1F1F5F11BE19A1F00F6B879 /* LaunchScreen.storyboard */,
				E1F1F5F41BE19A1F00F6B879 /* Info.plist */,
			);
			path = SwiftRedux;
			sourceTree = "<group>";
		};
		E1F1F5FC1BE19A1F00F6B879 /* SwiftReduxTests */ = {
			isa = PBXGroup;
			children = (
				E1F1F5FD1BE19A1F00F6B879 /* SwiftReduxTests.swift */,
				E1F1F5FF1BE19A1F00F6B879 /* Info.plist */,
			);
			path = SwiftReduxTests;
			sourceTree = "<group>";
		};
		E1F1F6071BE19A1F00F6B879 /* SwiftReduxUITests */ = {
			isa = PBXGroup;
			children = (
				E1F1F6081BE19A1F00F6B879 /* SwiftReduxUITests.swift */,
				E1F1F60A1BE19A1F00F6B879 /* Info.plist */,
			);
			path = SwiftReduxUITests;
			sourceTree = "<group>";
		};
		E1F1F6161BE19A8C00F6B879 /* Redux */ = {
			isa = PBXGroup;
			children = (
				E175183E1BFC17DE005A6807 /* Action.swift */,
				E175183F1BFC17DE005A6807 /* ArrayExtension.swift */,
				E17518401BFC17DE005A6807 /* Compose.swift */,
				E17518411BFC17DE005A6807 /* DiffNotifier.swift */,
				E17518421BFC17DE005A6807 /* History.swift */,
				E17518431BFC17DE005A6807 /* Middleware.swift */,
				E17518441BFC17DE005A6807 /* Persist.swift */,
				E17518451BFC17DE005A6807 /* Reducer.swift */,
				E17518461BFC17DE005A6807 /* Store.swift */,
				E17518471BFC17DE005A6807 /* StoreCreator.swift */,
				E17518481BFC17DE005A6807 /* StoreEnhancer.swift */,
				E17518491BFC17DE005A6807 /* Thunk.swift */,
				E17518581BFC1901005A6807 /* Logger.swift */,
			);
			name = Redux;
			sourceTree = "<group>";
		};
/* End PBXGroup section */

/* Begin PBXNativeTarget section */
		E1F1F5E41BE19A1F00F6B879 /* SwiftRedux */ = {
			isa = PBXNativeTarget;
			buildConfigurationList = E1F1F60D1BE19A1F00F6B879 /* Build configuration list for PBXNativeTarget "SwiftRedux" */;
			buildPhases = (
				E1F1F5E11BE19A1F00F6B879 /* Sources */,
				E1F1F5E21BE19A1F00F6B879 /* Frameworks */,
				E1F1F5E31BE19A1F00F6B879 /* Resources */,
			);
			buildRules = (
			);
			dependencies = (
			);
			name = SwiftRedux;
			productName = SwiftRedux;
			productReference = E1F1F5E51BE19A1F00F6B879 /* SwiftRedux.app */;
			productType = "com.apple.product-type.application";
		};
		E1F1F5F81BE19A1F00F6B879 /* SwiftReduxTests */ = {
			isa = PBXNativeTarget;
			buildConfigurationList = E1F1F6101BE19A1F00F6B879 /* Build configuration list for PBXNativeTarget "SwiftReduxTests" */;
			buildPhases = (
				E1F1F5F51BE19A1F00F6B879 /* Sources */,
				E1F1F5F61BE19A1F00F6B879 /* Frameworks */,
				E1F1F5F71BE19A1F00F6B879 /* Resources */,
			);
			buildRules = (
			);
			dependencies = (
				E1F1F5FB1BE19A1F00F6B879 /* PBXTargetDependency */,
			);
			name = SwiftReduxTests;
			productName = SwiftReduxTests;
			productReference = E1F1F5F91BE19A1F00F6B879 /* SwiftReduxTests.xctest */;
			productType = "com.apple.product-type.bundle.unit-test";
		};
		E1F1F6031BE19A1F00F6B879 /* SwiftReduxUITests */ = {
			isa = PBXNativeTarget;
			buildConfigurationList = E1F1F6131BE19A1F00F6B879 /* Build configuration list for PBXNativeTarget "SwiftReduxUITests" */;
			buildPhases = (
				E1F1F6001BE19A1F00F6B879 /* Sources */,
				E1F1F6011BE19A1F00F6B879 /* Frameworks */,
				E1F1F6021BE19A1F00F6B879 /* Resources */,
			);
			buildRules = (
			);
			dependencies = (
				E1F1F6061BE19A1F00F6B879 /* PBXTargetDependency */,
			);
			name = SwiftReduxUITests;
			productName = SwiftReduxUITests;
			productReference = E1F1F6041BE19A1F00F6B879 /* SwiftReduxUITests.xctest */;
			productType = "com.apple.product-type.bundle.ui-testing";
		};
/* End PBXNativeTarget section */

/* Begin PBXProject section */
		E1F1F5DD1BE19A1F00F6B879 /* Project object */ = {
			isa = PBXProject;
			attributes = {
				LastUpgradeCheck = 0700;
				ORGANIZATIONNAME = "Robert Brown";
				TargetAttributes = {
					E1F1F5E41BE19A1F00F6B879 = {
						CreatedOnToolsVersion = 7.0.1;
					};
					E1F1F5F81BE19A1F00F6B879 = {
						CreatedOnToolsVersion = 7.0.1;
						TestTargetID = E1F1F5E41BE19A1F00F6B879;
					};
					E1F1F6031BE19A1F00F6B879 = {
						CreatedOnToolsVersion = 7.0.1;
						TestTargetID = E1F1F5E41BE19A1F00F6B879;
					};
				};
			};
			buildConfigurationList = E1F1F5E01BE19A1F00F6B879 /* Build configuration list for PBXProject "SwiftRedux" */;
			compatibilityVersion = "Xcode 3.2";
			developmentRegion = English;
			hasScannedForEncodings = 0;
			knownRegions = (
				en,
				Base,
			);
			mainGroup = E1F1F5DC1BE19A1F00F6B879;
			productRefGroup = E1F1F5E61BE19A1F00F6B879 /* Products */;
			projectDirPath = "";
			projectRoot = "";
			targets = (
				E1F1F5E41BE19A1F00F6B879 /* SwiftRedux */,
				E1F1F5F81BE19A1F00F6B879 /* SwiftReduxTests */,
				E1F1F6031BE19A1F00F6B879 /* SwiftReduxUITests */,
			);
		};
/* End PBXProject section */

/* Begin PBXResourcesBuildPhase section */
		E1F1F5E31BE19A1F00F6B879 /* Resources */ = {
			isa = PBXResourcesBuildPhase;
			buildActionMask = 2147483647;
			files = (
				E1F1F5F31BE19A1F00F6B879 /* LaunchScreen.storyboard in Resources */,
				E1F1F5F01BE19A1F00F6B879 /* Assets.xcassets in Resources */,
				E1F1F5EE1BE19A1F00F6B879 /* Main.storyboard in Resources */,
			);
			runOnlyForDeploymentPostprocessing = 0;
		};
		E1F1F5F71BE19A1F00F6B879 /* Resources */ = {
			isa = PBXResourcesBuildPhase;
			buildActionMask = 2147483647;
			files = (
			);
			runOnlyForDeploymentPostprocessing = 0;
		};
		E1F1F6021BE19A1F00F6B879 /* Resources */ = {
			isa = PBXResourcesBuildPhase;
			buildActionMask = 2147483647;
			files = (
			);
			runOnlyForDeploymentPostprocessing = 0;
		};
/* End PBXResourcesBuildPhase section */

/* Begin PBXSourcesBuildPhase section */
		E1F1F5E11BE19A1F00F6B879 /* Sources */ = {
			isa = PBXSourcesBuildPhase;
			buildActionMask = 2147483647;
			files = (
				E11297AC1BE32987003B6C2A /* ToDo.swift in Sources */,
				E175184A1BFC17DE005A6807 /* Action.swift in Sources */,
				E17518551BFC17DE005A6807 /* Thunk.swift in Sources */,
				E17518531BFC17DE005A6807 /* StoreCreator.swift in Sources */,
				E175184D1BFC17DE005A6807 /* DiffNotifier.swift in Sources */,
				E17F448F1BEC3E9E00AF1F86 /* Notifier.swift in Sources */,
				E17518511BFC17DE005A6807 /* Reducer.swift in Sources */,
				E17518591BFC1901005A6807 /* Logger.swift in Sources */,
				E15350CE1BE471B700211F6D /* AppState.swift in Sources */,
				E1E914141BF84A5E00FD3BA9 /* AsyncViewController.swift in Sources */,
				E1E913E61BF2DDBF00FD3BA9 /* HistoryViewController.swift in Sources */,
				E1E914181BF862A400FD3BA9 /* GCDExtension.swift in Sources */,
				E15350CC1BE46EE300211F6D /* ToDoViewController.swift in Sources */,
				E17518541BFC17DE005A6807 /* StoreEnhancer.swift in Sources */,
				E1F1F5EB1BE19A1F00F6B879 /* CounterViewController.swift in Sources */,
				E175184E1BFC17DE005A6807 /* History.swift in Sources */,
				E11297A81BE2F426003B6C2A /* Counter.swift in Sources */,
				E175184C1BFC17DE005A6807 /* Compose.swift in Sources */,
				E1F1F5E91BE19A1F00F6B879 /* AppDelegate.swift in Sources */,
				E17518521BFC17DE005A6807 /* Store.swift in Sources */,
				E17518501BFC17DE005A6807 /* Persist.swift in Sources */,
				E1E914161BF854DB00FD3BA9 /* Random.swift in Sources */,
				E175184B1BFC17DE005A6807 /* ArrayExtension.swift in Sources */,
				E175184F1BFC17DE005A6807 /* Middleware.swift in Sources */,
			);
			runOnlyForDeploymentPostprocessing = 0;
		};
		E1F1F5F51BE19A1F00F6B879 /* Sources */ = {
			isa = PBXSourcesBuildPhase;
			buildActionMask = 2147483647;
			files = (
				E1F1F5FE1BE19A1F00F6B879 /* SwiftReduxTests.swift in Sources */,
			);
			runOnlyForDeploymentPostprocessing = 0;
		};
		E1F1F6001BE19A1F00F6B879 /* Sources */ = {
			isa = PBXSourcesBuildPhase;
			buildActionMask = 2147483647;
			files = (
				E1F1F6091BE19A1F00F6B879 /* SwiftReduxUITests.swift in Sources */,
			);
			runOnlyForDeploymentPostprocessing = 0;
		};
/* End PBXSourcesBuildPhase section */

/* Begin PBXTargetDependency section */
		E1F1F5FB1BE19A1F00F6B879 /* PBXTargetDependency */ = {
			isa = PBXTargetDependency;
			target = E1F1F5E41BE19A1F00F6B879 /* SwiftRedux */;
			targetProxy = E1F1F5FA1BE19A1F00F6B879 /* PBXContainerItemProxy */;
		};
		E1F1F6061BE19A1F00F6B879 /* PBXTargetDependency */ = {
			isa = PBXTargetDependency;
			target = E1F1F5E41BE19A1F00F6B879 /* SwiftRedux */;
			targetProxy = E1F1F6051BE19A1F00F6B879 /* PBXContainerItemProxy */;
		};
/* End PBXTargetDependency section */

/* Begin PBXVariantGroup section */
		E1F1F5EC1BE19A1F00F6B879 /* Main.storyboard */ = {
			isa = PBXVariantGroup;
			children = (
				E1F1F5ED1BE19A1F00F6B879 /* Base */,
			);
			name = Main.storyboard;
			sourceTree = "<group>";
		};
		E1F1F5F11BE19A1F00F6B879 /* LaunchScreen.storyboard */ = {
			isa = PBXVariantGroup;
			children = (
				E1F1F5F21BE19A1F00F6B879 /* Base */,
			);
			name = LaunchScreen.storyboard;
			sourceTree = "<group>";
		};
/* End PBXVariantGroup section */

/* Begin XCBuildConfiguration section */
		E1F1F60B1BE19A1F00F6B879 /* Debug */ = {
			isa = XCBuildConfiguration;
			buildSettings = {
				ALWAYS_SEARCH_USER_PATHS = NO;
				CLANG_CXX_LANGUAGE_STANDARD = "gnu++0x";
				CLANG_CXX_LIBRARY = "libc++";
				CLANG_ENABLE_MODULES = YES;
				CLANG_ENABLE_OBJC_ARC = YES;
				CLANG_WARN_BOOL_CONVERSION = YES;
				CLANG_WARN_CONSTANT_CONVERSION = YES;
				CLANG_WARN_DIRECT_OBJC_ISA_USAGE = YES_ERROR;
				CLANG_WARN_EMPTY_BODY = YES;
				CLANG_WARN_ENUM_CONVERSION = YES;
				CLANG_WARN_INT_CONVERSION = YES;
				CLANG_WARN_OBJC_ROOT_CLASS = YES_ERROR;
				CLANG_WARN_UNREACHABLE_CODE = YES;
				CLANG_WARN__DUPLICATE_METHOD_MATCH = YES;
				"CODE_SIGN_IDENTITY[sdk=iphoneos*]" = "iPhone Developer";
				COPY_PHASE_STRIP = NO;
				DEBUG_INFORMATION_FORMAT = dwarf;
				ENABLE_STRICT_OBJC_MSGSEND = YES;
				ENABLE_TESTABILITY = YES;
				GCC_C_LANGUAGE_STANDARD = gnu99;
				GCC_DYNAMIC_NO_PIC = NO;
				GCC_NO_COMMON_BLOCKS = YES;
				GCC_OPTIMIZATION_LEVEL = 0;
				GCC_PREPROCESSOR_DEFINITIONS = (
					"DEBUG=1",
					"$(inherited)",
				);
				GCC_WARN_64_TO_32_BIT_CONVERSION = YES;
				GCC_WARN_ABOUT_RETURN_TYPE = YES_ERROR;
				GCC_WARN_UNDECLARED_SELECTOR = YES;
				GCC_WARN_UNINITIALIZED_AUTOS = YES_AGGRESSIVE;
				GCC_WARN_UNUSED_FUNCTION = YES;
				GCC_WARN_UNUSED_VARIABLE = YES;
				IPHONEOS_DEPLOYMENT_TARGET = 9.0;
				MTL_ENABLE_DEBUG_INFO = YES;
				ONLY_ACTIVE_ARCH = YES;
				SDKROOT = iphoneos;
				SWIFT_OPTIMIZATION_LEVEL = "-Onone";
				TARGETED_DEVICE_FAMILY = "1,2";
			};
			name = Debug;
		};
		E1F1F60C1BE19A1F00F6B879 /* Release */ = {
			isa = XCBuildConfiguration;
			buildSettings = {
				ALWAYS_SEARCH_USER_PATHS = NO;
				CLANG_CXX_LANGUAGE_STANDARD = "gnu++0x";
				CLANG_CXX_LIBRARY = "libc++";
				CLANG_ENABLE_MODULES = YES;
				CLANG_ENABLE_OBJC_ARC = YES;
				CLANG_WARN_BOOL_CONVERSION = YES;
				CLANG_WARN_CONSTANT_CONVERSION = YES;
				CLANG_WARN_DIRECT_OBJC_ISA_USAGE = YES_ERROR;
				CLANG_WARN_EMPTY_BODY = YES;
				CLANG_WARN_ENUM_CONVERSION = YES;
				CLANG_WARN_INT_CONVERSION = YES;
				CLANG_WARN_OBJC_ROOT_CLASS = YES_ERROR;
				CLANG_WARN_UNREACHABLE_CODE = YES;
				CLANG_WARN__DUPLICATE_METHOD_MATCH = YES;
				"CODE_SIGN_IDENTITY[sdk=iphoneos*]" = "iPhone Developer";
				COPY_PHASE_STRIP = NO;
				DEBUG_INFORMATION_FORMAT = "dwarf-with-dsym";
				ENABLE_NS_ASSERTIONS = NO;
				ENABLE_STRICT_OBJC_MSGSEND = YES;
				GCC_C_LANGUAGE_STANDARD = gnu99;
				GCC_NO_COMMON_BLOCKS = YES;
				GCC_WARN_64_TO_32_BIT_CONVERSION = YES;
				GCC_WARN_ABOUT_RETURN_TYPE = YES_ERROR;
				GCC_WARN_UNDECLARED_SELECTOR = YES;
				GCC_WARN_UNINITIALIZED_AUTOS = YES_AGGRESSIVE;
				GCC_WARN_UNUSED_FUNCTION = YES;
				GCC_WARN_UNUSED_VARIABLE = YES;
				IPHONEOS_DEPLOYMENT_TARGET = 9.0;
				MTL_ENABLE_DEBUG_INFO = NO;
				SDKROOT = iphoneos;
				TARGETED_DEVICE_FAMILY = "1,2";
				VALIDATE_PRODUCT = YES;
			};
			name = Release;
		};
		E1F1F60E1BE19A1F00F6B879 /* Debug */ = {
			isa = XCBuildConfiguration;
			buildSettings = {
				ASSETCATALOG_COMPILER_APPICON_NAME = AppIcon;
				INFOPLIST_FILE = SwiftRedux/Info.plist;
				LD_RUNPATH_SEARCH_PATHS = "$(inherited) @executable_path/Frameworks";
				PRODUCT_BUNDLE_IDENTIFIER = com.robertbrown.SwiftRedux;
				PRODUCT_NAME = "$(TARGET_NAME)";
			};
			name = Debug;
		};
		E1F1F60F1BE19A1F00F6B879 /* Release */ = {
			isa = XCBuildConfiguration;
			buildSettings = {
				ASSETCATALOG_COMPILER_APPICON_NAME = AppIcon;
				INFOPLIST_FILE = SwiftRedux/Info.plist;
				LD_RUNPATH_SEARCH_PATHS = "$(inherited) @executable_path/Frameworks";
				PRODUCT_BUNDLE_IDENTIFIER = com.robertbrown.SwiftRedux;
				PRODUCT_NAME = "$(TARGET_NAME)";
			};
			name = Release;
		};
		E1F1F6111BE19A1F00F6B879 /* Debug */ = {
			isa = XCBuildConfiguration;
			buildSettings = {
				BUNDLE_LOADER = "$(TEST_HOST)";
				INFOPLIST_FILE = SwiftReduxTests/Info.plist;
				LD_RUNPATH_SEARCH_PATHS = "$(inherited) @executable_path/Frameworks @loader_path/Frameworks";
				PRODUCT_BUNDLE_IDENTIFIER = com.robertbrown.SwiftReduxTests;
				PRODUCT_NAME = "$(TARGET_NAME)";
				TEST_HOST = "$(BUILT_PRODUCTS_DIR)/SwiftRedux.app/SwiftRedux";
			};
			name = Debug;
		};
		E1F1F6121BE19A1F00F6B879 /* Release */ = {
			isa = XCBuildConfiguration;
			buildSettings = {
				BUNDLE_LOADER = "$(TEST_HOST)";
				INFOPLIST_FILE = SwiftReduxTests/Info.plist;
				LD_RUNPATH_SEARCH_PATHS = "$(inherited) @executable_path/Frameworks @loader_path/Frameworks";
				PRODUCT_BUNDLE_IDENTIFIER = com.robertbrown.SwiftReduxTests;
				PRODUCT_NAME = "$(TARGET_NAME)";
				TEST_HOST = "$(BUILT_PRODUCTS_DIR)/SwiftRedux.app/SwiftRedux";
			};
			name = Release;
		};
		E1F1F6141BE19A1F00F6B879 /* Debug */ = {
			isa = XCBuildConfiguration;
			buildSettings = {
				INFOPLIST_FILE = SwiftReduxUITests/Info.plist;
				LD_RUNPATH_SEARCH_PATHS = "$(inherited) @executable_path/Frameworks @loader_path/Frameworks";
				PRODUCT_BUNDLE_IDENTIFIER = com.robertbrown.SwiftReduxUITests;
				PRODUCT_NAME = "$(TARGET_NAME)";
				TEST_TARGET_NAME = SwiftRedux;
				USES_XCTRUNNER = YES;
			};
			name = Debug;
		};
		E1F1F6151BE19A1F00F6B879 /* Release */ = {
			isa = XCBuildConfiguration;
			buildSettings = {
				INFOPLIST_FILE = SwiftReduxUITests/Info.plist;
				LD_RUNPATH_SEARCH_PATHS = "$(inherited) @executable_path/Frameworks @loader_path/Frameworks";
				PRODUCT_BUNDLE_IDENTIFIER = com.robertbrown.SwiftReduxUITests;
				PRODUCT_NAME = "$(TARGET_NAME)";
				TEST_TARGET_NAME = SwiftRedux;
				USES_XCTRUNNER = YES;
			};
			name = Release;
		};
/* End XCBuildConfiguration section */

/* Begin XCConfigurationList section */
		E1F1F5E01BE19A1F00F6B879 /* Build configuration list for PBXProject "SwiftRedux" */ = {
			isa = XCConfigurationList;
			buildConfigurations = (
				E1F1F60B1BE19A1F00F6B879 /* Debug */,
				E1F1F60C1BE19A1F00F6B879 /* Release */,
			);
			defaultConfigurationIsVisible = 0;
			defaultConfigurationName = Release;
		};
		E1F1F60D1BE19A1F00F6B879 /* Build configuration list for PBXNativeTarget "SwiftRedux" */ = {
			isa = XCConfigurationList;
			buildConfigurations = (
				E1F1F60E1BE19A1F00F6B879 /* Debug */,
				E1F1F60F1BE19A1F00F6B879 /* Release */,
			);
			defaultConfigurationIsVisible = 0;
			defaultConfigurationName = Release;
		};
		E1F1F6101BE19A1F00F6B879 /* Build configuration list for PBXNativeTarget "SwiftReduxTests" */ = {
			isa = XCConfigurationList;
			buildConfigurations = (
				E1F1F6111BE19A1F00F6B879 /* Debug */,
				E1F1F6121BE19A1F00F6B879 /* Release */,
			);
			defaultConfigurationIsVisible = 0;
			defaultConfigurationName = Release;
		};
		E1F1F6131BE19A1F00F6B879 /* Build configuration list for PBXNativeTarget "SwiftReduxUITests" */ = {
			isa = XCConfigurationList;
			buildConfigurations = (
				E1F1F6141BE19A1F00F6B879 /* Debug */,
				E1F1F6151BE19A1F00F6B879 /* Release */,
			);
			defaultConfigurationIsVisible = 0;
			defaultConfigurationName = Release;
		};
/* End XCConfigurationList section */
	};
	rootObject = E1F1F5DD1BE19A1F00F6B879 /* Project object */;
}
